
Microsoft Visual Studio Solution File, Format Version 12.00
# Visual Studio Version 16
VisualStudioVersion = 16.0.31624.102
MinimumVisualStudioVersion = 10.0.40219.1
Project("{FAE04EC0-301F-11D3-BF4B-00C04F79EFBC}") = "MatchGame", "MatchGame\MatchGame.csproj", "{1CA7C2D9-1AA1-4FCA-9C57-51384FFE6E36}"
EndProject
Global
	GlobalSection(SolutionConfigurationPlatforms) = preSolution
		Debug|Any CPU = Debug|Any CPU
		Release|Any CPU = Release|Any CPU
	EndGlobalSection
	GlobalSection(ProjectConfigurationPlatforms) = postSolution
		{1CA7C2D9-1AA1-4FCA-9C57-51384FFE6E36}.Debug|Any CPU.ActiveCfg = Debug|Any CPU
		{1CA7C2D9-1AA1-4FCA-9C57-51384FFE6E36}.Debug|Any CPU.Build.0 = Debug|Any CPU
		{1CA7C2D9-1AA1-4FCA-9C57-51384FFE6E36}.Release|Any CPU.ActiveCfg = Release|Any CPU
		{1CA7C2D9-1AA1-4FCA-9C57-51384FFE6E36}.Release|Any CPU.Build.0 = Release|Any CPU
	EndGlobalSection
	GlobalSection(SolutionProperties) = preSolution
		HideSolutionNode = FALSE
	EndGlobalSection
	GlobalSection(ExtensibilityGlobals) = postSolution
		SolutionGuid = {14DC36E4-9902-44E5-82B8-D7F6B4A778DE}
	EndGlobalSection
EndGlobal
